// !$*UTF8*$!
{
	archiveVersion = 1;
	classes = {
	};
	objectVersion = 46;
	objects = {

/* Begin PBXBuildFile section */
		9B3879A61DDFF67700FFDA3C /* Account.storyboard in Resources */ = {isa = PBXBuildFile; fileRef = 9B3879A51DDFF67700FFDA3C /* Account.storyboard */; };
		9B3879A81DDFF68000FFDA3C /* MTK.storyboard in Resources */ = {isa = PBXBuildFile; fileRef = 9B3879A71DDFF68000FFDA3C /* MTK.storyboard */; };
		9B3879AA1DDFF69100FFDA3C /* Fundraising.storyboard in Resources */ = {isa = PBXBuildFile; fileRef = 9B3879A91DDFF69100FFDA3C /* Fundraising.storyboard */; };
		9B3879AC1DDFF6A600FFDA3C /* Events.storyboard in Resources */ = {isa = PBXBuildFile; fileRef = 9B3879AB1DDFF6A600FFDA3C /* Events.storyboard */; };
		9B3879B21DDFF86700FFDA3C /* MainEventsViewController.swift in Sources */ = {isa = PBXBuildFile; fileRef = 9B3879B11DDFF86700FFDA3C /* MainEventsViewController.swift */; };
		9B3879B51DE001CB00FFDA3C /* FundraisingOptions.swift in Sources */ = {isa = PBXBuildFile; fileRef = 9B3879B41DE001CB00FFDA3C /* FundraisingOptions.swift */; };
		9B3879B71DE0026900FFDA3C /* FundraisingOptionsTableViewController.swift in Sources */ = {isa = PBXBuildFile; fileRef = 9B3879B61DE0026900FFDA3C /* FundraisingOptionsTableViewController.swift */; };
		9B3879BB1DE003D500FFDA3C /* FundraisingOptionTableViewCell.swift in Sources */ = {isa = PBXBuildFile; fileRef = 9B3879BA1DE003D500FFDA3C /* FundraisingOptionTableViewCell.swift */; };
		9B3879BE1DE00C7700FFDA3C /* OptionOneViewController.swift in Sources */ = {isa = PBXBuildFile; fileRef = 9B3879BD1DE00C7700FFDA3C /* OptionOneViewController.swift */; };
		9B3879C01DE0100500FFDA3C /* OptionTwoViewController.swift in Sources */ = {isa = PBXBuildFile; fileRef = 9B3879BF1DE0100500FFDA3C /* OptionTwoViewController.swift */; };
		9B3879C21DE0100F00FFDA3C /* OptionThreeViewController.swift in Sources */ = {isa = PBXBuildFile; fileRef = 9B3879C11DE0100F00FFDA3C /* OptionThreeViewController.swift */; };
		9B3879C41DE0101800FFDA3C /* OptionFourViewController.swift in Sources */ = {isa = PBXBuildFile; fileRef = 9B3879C31DE0101800FFDA3C /* OptionFourViewController.swift */; };
		9B3879C61DE0123B00FFDA3C /* MiracleMilstone.swift in Sources */ = {isa = PBXBuildFile; fileRef = 9B3879C51DE0123B00FFDA3C /* MiracleMilstone.swift */; };
		9B7C20461DE507E5000FDF4C /* CustomTabViewController.swift in Sources */ = {isa = PBXBuildFile; fileRef = 9B7C20451DE507E5000FDF4C /* CustomTabViewController.swift */; };
		9B7C20481DE51573000FDF4C /* Involved.storyboard in Resources */ = {isa = PBXBuildFile; fileRef = 9B7C20471DE51573000FDF4C /* Involved.storyboard */; };
		9B7C204A1DE516BA000FDF4C /* MainInvolvedViewController.swift in Sources */ = {isa = PBXBuildFile; fileRef = 9B7C20491DE516BA000FDF4C /* MainInvolvedViewController.swift */; };
		9B7C204D1DE51C5E000FDF4C /* CustomNavigationViewController.swift in Sources */ = {isa = PBXBuildFile; fileRef = 9B7C204C1DE51C5E000FDF4C /* CustomNavigationViewController.swift */; };
		9BBD374B1DDEAA440038F686 /* AppDelegate.swift in Sources */ = {isa = PBXBuildFile; fileRef = 9BBD374A1DDEAA440038F686 /* AppDelegate.swift */; };
		9BBD374D1DDEAA440038F686 /* ViewController.swift in Sources */ = {isa = PBXBuildFile; fileRef = 9BBD374C1DDEAA440038F686 /* ViewController.swift */; };
		9BBD37501DDEAA440038F686 /* Main.storyboard in Resources */ = {isa = PBXBuildFile; fileRef = 9BBD374E1DDEAA440038F686 /* Main.storyboard */; };
		9BBD37521DDEAA440038F686 /* Assets.xcassets in Resources */ = {isa = PBXBuildFile; fileRef = 9BBD37511DDEAA440038F686 /* Assets.xcassets */; };
		9BBD37551DDEAA440038F686 /* LaunchScreen.storyboard in Resources */ = {isa = PBXBuildFile; fileRef = 9BBD37531DDEAA440038F686 /* LaunchScreen.storyboard */; };
		9BBD375D1DDEAC1A0038F686 /* RedBorderedView.swift in Sources */ = {isa = PBXBuildFile; fileRef = 9BBD375C1DDEAC1A0038F686 /* RedBorderedView.swift */; };
		9BBD375F1DDEAFEA0038F686 /* SmallRoundedButtons.swift in Sources */ = {isa = PBXBuildFile; fileRef = 9BBD375E1DDEAFEA0038F686 /* SmallRoundedButtons.swift */; };
		9BBE50BD1DE0186100E8F6EC /* MiracleMilestoneTableViewCell.swift in Sources */ = {isa = PBXBuildFile; fileRef = 9BBE50BC1DE0186100E8F6EC /* MiracleMilestoneTableViewCell.swift */; };
/* End PBXBuildFile section */

/* Begin PBXFileReference section */
		9B3879A51DDFF67700FFDA3C /* Account.storyboard */ = {isa = PBXFileReference; fileEncoding = 4; lastKnownFileType = file.storyboard; path = Account.storyboard; sourceTree = "<group>"; };
		9B3879A71DDFF68000FFDA3C /* MTK.storyboard */ = {isa = PBXFileReference; fileEncoding = 4; lastKnownFileType = file.storyboard; path = MTK.storyboard; sourceTree = "<group>"; };
		9B3879A91DDFF69100FFDA3C /* Fundraising.storyboard */ = {isa = PBXFileReference; fileEncoding = 4; lastKnownFileType = file.storyboard; path = Fundraising.storyboard; sourceTree = "<group>"; };
		9B3879AB1DDFF6A600FFDA3C /* Events.storyboard */ = {isa = PBXFileReference; fileEncoding = 4; lastKnownFileType = file.storyboard; path = Events.storyboard; sourceTree = "<group>"; };
		9B3879B11DDFF86700FFDA3C /* MainEventsViewController.swift */ = {isa = PBXFileReference; fileEncoding = 4; lastKnownFileType = sourcecode.swift; path = MainEventsViewController.swift; sourceTree = "<group>"; };
		9B3879B41DE001CB00FFDA3C /* FundraisingOptions.swift */ = {isa = PBXFileReference; fileEncoding = 4; lastKnownFileType = sourcecode.swift; path = FundraisingOptions.swift; sourceTree = "<group>"; };
		9B3879B61DE0026900FFDA3C /* FundraisingOptionsTableViewController.swift */ = {isa = PBXFileReference; fileEncoding = 4; lastKnownFileType = sourcecode.swift; path = FundraisingOptionsTableViewController.swift; sourceTree = "<group>"; };
		9B3879BA1DE003D500FFDA3C /* FundraisingOptionTableViewCell.swift */ = {isa = PBXFileReference; fileEncoding = 4; lastKnownFileType = sourcecode.swift; path = FundraisingOptionTableViewCell.swift; sourceTree = "<group>"; };
		9B3879BD1DE00C7700FFDA3C /* OptionOneViewController.swift */ = {isa = PBXFileReference; fileEncoding = 4; lastKnownFileType = sourcecode.swift; path = OptionOneViewController.swift; sourceTree = "<group>"; };
		9B3879BF1DE0100500FFDA3C /* OptionTwoViewController.swift */ = {isa = PBXFileReference; fileEncoding = 4; lastKnownFileType = sourcecode.swift; path = OptionTwoViewController.swift; sourceTree = "<group>"; };
		9B3879C11DE0100F00FFDA3C /* OptionThreeViewController.swift */ = {isa = PBXFileReference; fileEncoding = 4; lastKnownFileType = sourcecode.swift; path = OptionThreeViewController.swift; sourceTree = "<group>"; };
		9B3879C31DE0101800FFDA3C /* OptionFourViewController.swift */ = {isa = PBXFileReference; fileEncoding = 4; lastKnownFileType = sourcecode.swift; path = OptionFourViewController.swift; sourceTree = "<group>"; };
		9B3879C51DE0123B00FFDA3C /* MiracleMilstone.swift */ = {isa = PBXFileReference; fileEncoding = 4; lastKnownFileType = sourcecode.swift; path = MiracleMilstone.swift; sourceTree = "<group>"; };
		9B7C20451DE507E5000FDF4C /* CustomTabViewController.swift */ = {isa = PBXFileReference; fileEncoding = 4; lastKnownFileType = sourcecode.swift; path = CustomTabViewController.swift; sourceTree = "<group>"; };
		9B7C20471DE51573000FDF4C /* Involved.storyboard */ = {isa = PBXFileReference; fileEncoding = 4; lastKnownFileType = file.storyboard; path = Involved.storyboard; sourceTree = "<group>"; };
		9B7C20491DE516BA000FDF4C /* MainInvolvedViewController.swift */ = {isa = PBXFileReference; fileEncoding = 4; lastKnownFileType = sourcecode.swift; path = MainInvolvedViewController.swift; sourceTree = "<group>"; };
		9B7C204C1DE51C5E000FDF4C /* CustomNavigationViewController.swift */ = {isa = PBXFileReference; fileEncoding = 4; lastKnownFileType = sourcecode.swift; path = CustomNavigationViewController.swift; sourceTree = "<group>"; };
		9BBD37471DDEAA440038F686 /* BuckeyeThon.app */ = {isa = PBXFileReference; explicitFileType = wrapper.application; includeInIndex = 0; path = BuckeyeThon.app; sourceTree = BUILT_PRODUCTS_DIR; };
		9BBD374A1DDEAA440038F686 /* AppDelegate.swift */ = {isa = PBXFileReference; lastKnownFileType = sourcecode.swift; path = AppDelegate.swift; sourceTree = "<group>"; };
		9BBD374C1DDEAA440038F686 /* ViewController.swift */ = {isa = PBXFileReference; lastKnownFileType = sourcecode.swift; path = ViewController.swift; sourceTree = "<group>"; };
		9BBD374F1DDEAA440038F686 /* Base */ = {isa = PBXFileReference; lastKnownFileType = file.storyboard; name = Base; path = Base.lproj/Main.storyboard; sourceTree = "<group>"; };
		9BBD37511DDEAA440038F686 /* Assets.xcassets */ = {isa = PBXFileReference; lastKnownFileType = folder.assetcatalog; path = Assets.xcassets; sourceTree = "<group>"; };
		9BBD37541DDEAA440038F686 /* Base */ = {isa = PBXFileReference; lastKnownFileType = file.storyboard; name = Base; path = Base.lproj/LaunchScreen.storyboard; sourceTree = "<group>"; };
		9BBD37561DDEAA440038F686 /* Info.plist */ = {isa = PBXFileReference; lastKnownFileType = text.plist.xml; path = Info.plist; sourceTree = "<group>"; };
		9BBD375C1DDEAC1A0038F686 /* RedBorderedView.swift */ = {isa = PBXFileReference; fileEncoding = 4; lastKnownFileType = sourcecode.swift; path = RedBorderedView.swift; sourceTree = "<group>"; };
		9BBD375E1DDEAFEA0038F686 /* SmallRoundedButtons.swift */ = {isa = PBXFileReference; fileEncoding = 4; lastKnownFileType = sourcecode.swift; path = SmallRoundedButtons.swift; sourceTree = "<group>"; };
		9BBE50BC1DE0186100E8F6EC /* MiracleMilestoneTableViewCell.swift */ = {isa = PBXFileReference; fileEncoding = 4; lastKnownFileType = sourcecode.swift; path = MiracleMilestoneTableViewCell.swift; sourceTree = "<group>"; };
/* End PBXFileReference section */

/* Begin PBXFrameworksBuildPhase section */
		9BBD37441DDEAA440038F686 /* Frameworks */ = {
			isa = PBXFrameworksBuildPhase;
			buildActionMask = 2147483647;
			files = (
			);
			runOnlyForDeploymentPostprocessing = 0;
		};
/* End PBXFrameworksBuildPhase section */

/* Begin PBXGroup section */
		9B3879AD1DDFF70800FFDA3C /* My Account */ = {
			isa = PBXGroup;
			children = (
				9B3879A51DDFF67700FFDA3C /* Account.storyboard */,
			);
			name = "My Account";
			sourceTree = "<group>";
		};
		9B3879AE1DDFF71100FFDA3C /* Meet the kids */ = {
			isa = PBXGroup;
			children = (
				9B3879A71DDFF68000FFDA3C /* MTK.storyboard */,
			);
			name = "Meet the kids";
			sourceTree = "<group>";
		};
		9B3879AF1DDFF71D00FFDA3C /* Fundraising */ = {
			isa = PBXGroup;
			children = (
				9B3879A91DDFF69100FFDA3C /* Fundraising.storyboard */,
				9B3879B81DE002BE00FFDA3C /* Model */,
				9B3879BC1DE003DB00FFDA3C /* Views */,
				9B3879B91DE002C200FFDA3C /* Controller */,
			);
			name = Fundraising;
			sourceTree = "<group>";
		};
		9B3879B01DDFF72600FFDA3C /* Events */ = {
			isa = PBXGroup;
			children = (
				9B3879AB1DDFF6A600FFDA3C /* Events.storyboard */,
				9B3879B31DDFF86B00FFDA3C /* Controllers */,
			);
			name = Events;
			sourceTree = "<group>";
		};
		9B3879B31DDFF86B00FFDA3C /* Controllers */ = {
			isa = PBXGroup;
			children = (
				9B3879B11DDFF86700FFDA3C /* MainEventsViewController.swift */,
			);
			name = Controllers;
			sourceTree = "<group>";
		};
		9B3879B81DE002BE00FFDA3C /* Model */ = {
			isa = PBXGroup;
			children = (
				9B3879B41DE001CB00FFDA3C /* FundraisingOptions.swift */,
				9B3879C51DE0123B00FFDA3C /* MiracleMilstone.swift */,
			);
			name = Model;
			sourceTree = "<group>";
		};
		9B3879B91DE002C200FFDA3C /* Controller */ = {
			isa = PBXGroup;
			children = (
				9B3879BF1DE0100500FFDA3C /* OptionTwoViewController.swift */,
				9B3879C11DE0100F00FFDA3C /* OptionThreeViewController.swift */,
				9B3879C31DE0101800FFDA3C /* OptionFourViewController.swift */,
				9B3879BD1DE00C7700FFDA3C /* OptionOneViewController.swift */,
				9B3879B61DE0026900FFDA3C /* FundraisingOptionsTableViewController.swift */,
			);
			name = Controller;
			sourceTree = "<group>";
		};
		9B3879BC1DE003DB00FFDA3C /* Views */ = {
			isa = PBXGroup;
			children = (
				9BBE50BC1DE0186100E8F6EC /* MiracleMilestoneTableViewCell.swift */,
				9B3879BA1DE003D500FFDA3C /* FundraisingOptionTableViewCell.swift */,
			);
			name = Views;
			sourceTree = "<group>";
		};
		9B7C204B1DE51715000FDF4C /* Involved */ = {
			isa = PBXGroup;
			children = (
				9B7C20471DE51573000FDF4C /* Involved.storyboard */,
				9B7C20491DE516BA000FDF4C /* MainInvolvedViewController.swift */,
			);
			name = Involved;
			sourceTree = "<group>";
		};
		9BBD373E1DDEAA440038F686 = {
			isa = PBXGroup;
			children = (
				9BBD37491DDEAA440038F686 /* BuckeyeThon */,
				9BBD37481DDEAA440038F686 /* Products */,
			);
			sourceTree = "<group>";
		};
		9BBD37481DDEAA440038F686 /* Products */ = {
			isa = PBXGroup;
			children = (
				9BBD37471DDEAA440038F686 /* BuckeyeThon.app */,
			);
			name = Products;
			sourceTree = "<group>";
		};
		9BBD37491DDEAA440038F686 /* BuckeyeThon */ = {
			isa = PBXGroup;
			children = (
				9BBD374A1DDEAA440038F686 /* AppDelegate.swift */,
				9BBD374C1DDEAA440038F686 /* ViewController.swift */,
				9BBD374E1DDEAA440038F686 /* Main.storyboard */,
				9B7C204C1DE51C5E000FDF4C /* CustomNavigationViewController.swift */,
				9B7C20451DE507E5000FDF4C /* CustomTabViewController.swift */,
				9B7C204B1DE51715000FDF4C /* Involved */,
				9B3879AD1DDFF70800FFDA3C /* My Account */,
				9B3879AE1DDFF71100FFDA3C /* Meet the kids */,
				9B3879AF1DDFF71D00FFDA3C /* Fundraising */,
				9B3879B01DDFF72600FFDA3C /* Events */,
				9BBD37601DDEB01B0038F686 /* Master */,
				9BBD37511DDEAA440038F686 /* Assets.xcassets */,
				9BBD37531DDEAA440038F686 /* LaunchScreen.storyboard */,
				9BBD37561DDEAA440038F686 /* Info.plist */,
			);
			path = BuckeyeThon;
			sourceTree = "<group>";
		};
		9BBD37601DDEB01B0038F686 /* Master */ = {
			isa = PBXGroup;
			children = (
				9BBD375E1DDEAFEA0038F686 /* SmallRoundedButtons.swift */,
				9BBD375C1DDEAC1A0038F686 /* RedBorderedView.swift */,
			);
			name = Master;
			sourceTree = "<group>";
		};
/* End PBXGroup section */

/* Begin PBXNativeTarget section */
		9BBD37461DDEAA440038F686 /* BuckeyeThon */ = {
			isa = PBXNativeTarget;
			buildConfigurationList = 9BBD37591DDEAA440038F686 /* Build configuration list for PBXNativeTarget "BuckeyeThon" */;
			buildPhases = (
				9BBD37431DDEAA440038F686 /* Sources */,
				9BBD37441DDEAA440038F686 /* Frameworks */,
				9BBD37451DDEAA440038F686 /* Resources */,
			);
			buildRules = (
			);
			dependencies = (
			);
			name = BuckeyeThon;
			productName = BuckeyeThon;
			productReference = 9BBD37471DDEAA440038F686 /* BuckeyeThon.app */;
			productType = "com.apple.product-type.application";
		};
/* End PBXNativeTarget section */

/* Begin PBXProject section */
		9BBD373F1DDEAA440038F686 /* Project object */ = {
			isa = PBXProject;
			attributes = {
				LastSwiftUpdateCheck = 0810;
				LastUpgradeCheck = 0810;
				ORGANIZATIONNAME = "Taha Topiwala";
				TargetAttributes = {
					9BBD37461DDEAA440038F686 = {
						CreatedOnToolsVersion = 8.1;
						DevelopmentTeam = L39SCG5C38;
						ProvisioningStyle = Automatic;
					};
				};
			};
			buildConfigurationList = 9BBD37421DDEAA440038F686 /* Build configuration list for PBXProject "BuckeyeThon" */;
			compatibilityVersion = "Xcode 3.2";
			developmentRegion = English;
			hasScannedForEncodings = 0;
			knownRegions = (
				en,
				Base,
			);
			mainGroup = 9BBD373E1DDEAA440038F686;
			productRefGroup = 9BBD37481DDEAA440038F686 /* Products */;
			projectDirPath = "";
			projectRoot = "";
			targets = (
				9BBD37461DDEAA440038F686 /* BuckeyeThon */,
			);
		};
/* End PBXProject section */

/* Begin PBXResourcesBuildPhase section */
		9BBD37451DDEAA440038F686 /* Resources */ = {
			isa = PBXResourcesBuildPhase;
			buildActionMask = 2147483647;
			files = (
				9BBD37551DDEAA440038F686 /* LaunchScreen.storyboard in Resources */,
				9B7C20481DE51573000FDF4C /* Involved.storyboard in Resources */,
				9B3879A81DDFF68000FFDA3C /* MTK.storyboard in Resources */,
				9B3879AC1DDFF6A600FFDA3C /* Events.storyboard in Resources */,
				9BBD37521DDEAA440038F686 /* Assets.xcassets in Resources */,
				9B3879AA1DDFF69100FFDA3C /* Fundraising.storyboard in Resources */,
				9B3879A61DDFF67700FFDA3C /* Account.storyboard in Resources */,
				9BBD37501DDEAA440038F686 /* Main.storyboard in Resources */,
			);
			runOnlyForDeploymentPostprocessing = 0;
		};
/* End PBXResourcesBuildPhase section */

/* Begin PBXSourcesBuildPhase section */
		9BBD37431DDEAA440038F686 /* Sources */ = {
			isa = PBXSourcesBuildPhase;
			buildActionMask = 2147483647;
			files = (
				9BBE50BD1DE0186100E8F6EC /* MiracleMilestoneTableViewCell.swift in Sources */,
				9B3879C61DE0123B00FFDA3C /* MiracleMilstone.swift in Sources */,
				9B3879B71DE0026900FFDA3C /* FundraisingOptionsTableViewController.swift in Sources */,
				9B3879C41DE0101800FFDA3C /* OptionFourViewController.swift in Sources */,
				9B3879BE1DE00C7700FFDA3C /* OptionOneViewController.swift in Sources */,
				9B7C204D1DE51C5E000FDF4C /* CustomNavigationViewController.swift in Sources */,
				9B3879BB1DE003D500FFDA3C /* FundraisingOptionTableViewCell.swift in Sources */,
				9BBD375D1DDEAC1A0038F686 /* RedBorderedView.swift in Sources */,
				9B3879C21DE0100F00FFDA3C /* OptionThreeViewController.swift in Sources */,
				9B3879B51DE001CB00FFDA3C /* FundraisingOptions.swift in Sources */,
				9BBD375F1DDEAFEA0038F686 /* SmallRoundedButtons.swift in Sources */,
				9B3879C01DE0100500FFDA3C /* OptionTwoViewController.swift in Sources */,
				9B3879B21DDFF86700FFDA3C /* MainEventsViewController.swift in Sources */,
				9B7C204A1DE516BA000FDF4C /* MainInvolvedViewController.swift in Sources */,
				9BBD374D1DDEAA440038F686 /* ViewController.swift in Sources */,
				9BBD374B1DDEAA440038F686 /* AppDelegate.swift in Sources */,
				9B7C20461DE507E5000FDF4C /* CustomTabViewController.swift in Sources */,
			);
			runOnlyForDeploymentPostprocessing = 0;
		};
/* End PBXSourcesBuildPhase section */

/* Begin PBXVariantGroup section */
		9BBD374E1DDEAA440038F686 /* Main.storyboard */ = {
			isa = PBXVariantGroup;
			children = (
				9BBD374F1DDEAA440038F686 /* Base */,
			);
			name = Main.storyboard;
			sourceTree = "<group>";
		};
		9BBD37531DDEAA440038F686 /* LaunchScreen.storyboard */ = {
			isa = PBXVariantGroup;
			children = (
				9BBD37541DDEAA440038F686 /* Base */,
			);
			name = LaunchScreen.storyboard;
			sourceTree = "<group>";
		};
/* End PBXVariantGroup section */

/* Begin XCBuildConfiguration section */
		9BBD37571DDEAA440038F686 /* Debug */ = {
			isa = XCBuildConfiguration;
			buildSettings = {
				ALWAYS_SEARCH_USER_PATHS = NO;
				CLANG_ANALYZER_NONNULL = YES;
				CLANG_CXX_LANGUAGE_STANDARD = "gnu++0x";
				CLANG_CXX_LIBRARY = "libc++";
				CLANG_ENABLE_MODULES = YES;
				CLANG_ENABLE_OBJC_ARC = YES;
				CLANG_WARN_BOOL_CONVERSION = YES;
				CLANG_WARN_CONSTANT_CONVERSION = YES;
				CLANG_WARN_DIRECT_OBJC_ISA_USAGE = YES_ERROR;
				CLANG_WARN_DOCUMENTATION_COMMENTS = YES;
				CLANG_WARN_EMPTY_BODY = YES;
				CLANG_WARN_ENUM_CONVERSION = YES;
				CLANG_WARN_INFINITE_RECURSION = YES;
				CLANG_WARN_INT_CONVERSION = YES;
				CLANG_WARN_OBJC_ROOT_CLASS = YES_ERROR;
				CLANG_WARN_SUSPICIOUS_MOVES = YES;
				CLANG_WARN_UNREACHABLE_CODE = YES;
				CLANG_WARN__DUPLICATE_METHOD_MATCH = YES;
				"CODE_SIGN_IDENTITY[sdk=iphoneos*]" = "iPhone Developer";
				COPY_PHASE_STRIP = NO;
				DEBUG_INFORMATION_FORMAT = dwarf;
				ENABLE_STRICT_OBJC_MSGSEND = YES;
				ENABLE_TESTABILITY = YES;
				GCC_C_LANGUAGE_STANDARD = gnu99;
				GCC_DYNAMIC_NO_PIC = NO;
				GCC_NO_COMMON_BLOCKS = YES;
				GCC_OPTIMIZATION_LEVEL = 0;
				GCC_PREPROCESSOR_DEFINITIONS = (
					"DEBUG=1",
					"$(inherited)",
				);
				GCC_WARN_64_TO_32_BIT_CONVERSION = YES;
				GCC_WARN_ABOUT_RETURN_TYPE = YES_ERROR;
				GCC_WARN_UNDECLARED_SELECTOR = YES;
				GCC_WARN_UNINITIALIZED_AUTOS = YES_AGGRESSIVE;
				GCC_WARN_UNUSED_FUNCTION = YES;
				GCC_WARN_UNUSED_VARIABLE = YES;
				IPHONEOS_DEPLOYMENT_TARGET = 10.1;
				MTL_ENABLE_DEBUG_INFO = YES;
				ONLY_ACTIVE_ARCH = YES;
				SDKROOT = iphoneos;
				SWIFT_ACTIVE_COMPILATION_CONDITIONS = DEBUG;
				SWIFT_OPTIMIZATION_LEVEL = "-Onone";
			};
			name = Debug;
		};
		9BBD37581DDEAA440038F686 /* Release */ = {
			isa = XCBuildConfiguration;
			buildSettings = {
				ALWAYS_SEARCH_USER_PATHS = NO;
				CLANG_ANALYZER_NONNULL = YES;
				CLANG_CXX_LANGUAGE_STANDARD = "gnu++0x";
				CLANG_CXX_LIBRARY = "libc++";
				CLANG_ENABLE_MODULES = YES;
				CLANG_ENABLE_OBJC_ARC = YES;
				CLANG_WARN_BOOL_CONVERSION = YES;
				CLANG_WARN_CONSTANT_CONVERSION = YES;
				CLANG_WARN_DIRECT_OBJC_ISA_USAGE = YES_ERROR;
				CLANG_WARN_DOCUMENTATION_COMMENTS = YES;
				CLANG_WARN_EMPTY_BODY = YES;
				CLANG_WARN_ENUM_CONVERSION = YES;
				CLANG_WARN_INFINITE_RECURSION = YES;
				CLANG_WARN_INT_CONVERSION = YES;
				CLANG_WARN_OBJC_ROOT_CLASS = YES_ERROR;
				CLANG_WARN_SUSPICIOUS_MOVES = YES;
				CLANG_WARN_UNREACHABLE_CODE = YES;
				CLANG_WARN__DUPLICATE_METHOD_MATCH = YES;
				"CODE_SIGN_IDENTITY[sdk=iphoneos*]" = "iPhone Developer";
				COPY_PHASE_STRIP = NO;
				DEBUG_INFORMATION_FORMAT = "dwarf-with-dsym";
				ENABLE_NS_ASSERTIONS = NO;
				ENABLE_STRICT_OBJC_MSGSEND = YES;
				GCC_C_LANGUAGE_STANDARD = gnu99;
				GCC_NO_COMMON_BLOCKS = YES;
				GCC_WARN_64_TO_32_BIT_CONVERSION = YES;
				GCC_WARN_ABOUT_RETURN_TYPE = YES_ERROR;
				GCC_WARN_UNDECLARED_SELECTOR = YES;
				GCC_WARN_UNINITIALIZED_AUTOS = YES_AGGRESSIVE;
				GCC_WARN_UNUSED_FUNCTION = YES;
				GCC_WARN_UNUSED_VARIABLE = YES;
				IPHONEOS_DEPLOYMENT_TARGET = 10.1;
				MTL_ENABLE_DEBUG_INFO = NO;
				SDKROOT = iphoneos;
				SWIFT_OPTIMIZATION_LEVEL = "-Owholemodule";
				VALIDATE_PRODUCT = YES;
			};
			name = Release;
		};
		9BBD375A1DDEAA440038F686 /* Debug */ = {
			isa = XCBuildConfiguration;
			buildSettings = {
				ASSETCATALOG_COMPILER_APPICON_NAME = AppIcon;
				"CODE_SIGN_IDENTITY[sdk=iphoneos*]" = "iPhone Developer";
				DEVELOPMENT_TEAM = L39SCG5C38;
				INFOPLIST_FILE = BuckeyeThon/Info.plist;
				LD_RUNPATH_SEARCH_PATHS = "$(inherited) @executable_path/Frameworks";
				PRODUCT_BUNDLE_IDENTIFIER = com.codeThatCares.BuckeyeThon;
				PRODUCT_NAME = "$(TARGET_NAME)";
				SWIFT_VERSION = 3.0;
			};
			name = Debug;
		};
		9BBD375B1DDEAA440038F686 /* Release */ = {
			isa = XCBuildConfiguration;
			buildSettings = {
				ASSETCATALOG_COMPILER_APPICON_NAME = AppIcon;
				"CODE_SIGN_IDENTITY[sdk=iphoneos*]" = "iPhone Developer";
				DEVELOPMENT_TEAM = L39SCG5C38;
				INFOPLIST_FILE = BuckeyeThon/Info.plist;
				LD_RUNPATH_SEARCH_PATHS = "$(inherited) @executable_path/Frameworks";
				PRODUCT_BUNDLE_IDENTIFIER = com.codeThatCares.BuckeyeThon;
				PRODUCT_NAME = "$(TARGET_NAME)";
				SWIFT_VERSION = 3.0;
			};
			name = Release;
		};
/* End XCBuildConfiguration section */

/* Begin XCConfigurationList section */
		9BBD37421DDEAA440038F686 /* Build configuration list for PBXProject "BuckeyeThon" */ = {
			isa = XCConfigurationList;
			buildConfigurations = (
				9BBD37571DDEAA440038F686 /* Debug */,
				9BBD37581DDEAA440038F686 /* Release */,
			);
			defaultConfigurationIsVisible = 0;
			defaultConfigurationName = Release;
		};
		9BBD37591DDEAA440038F686 /* Build configuration list for PBXNativeTarget "BuckeyeThon" */ = {
			isa = XCConfigurationList;
			buildConfigurations = (
				9BBD375A1DDEAA440038F686 /* Debug */,
				9BBD375B1DDEAA440038F686 /* Release */,
			);
			defaultConfigurationIsVisible = 0;
			defaultConfigurationName = Release;
		};
/* End XCConfigurationList section */
	};
	rootObject = 9BBD373F1DDEAA440038F686 /* Project object */;
}
